{
    "_meta": {
        "hash": {
            "sha256": "b808d3fb7080c8fba1cb94ae9d63a44aa556513e13274c06fed9c65757aca250"
        },
        "host-environment-markers": {
            "implementation_name": "cpython",
            "implementation_version": "3.6.2",
            "os_name": "posix",
            "platform_machine": "x86_64",
            "platform_python_implementation": "CPython",
            "platform_release": "15.6.0",
            "platform_system": "Darwin",
            "platform_version": "Darwin Kernel Version 15.6.0: Fri Feb 17 10:21:18 PST 2017; root:xnu-3248.60.11.4.1~1/RELEASE_X86_64",
            "python_full_version": "3.6.2",
            "python_version": "3.6",
            "sys_platform": "darwin"
        },
        "pipfile-spec": 6,
        "requires": {
            "python_version": "3.6"
        },
        "sources": [
            {
                "url": "https://pypi.python.org/simple",
                "verify_ssl": true
            }
        ]
    },
    "default": {
        "arrow": {
            "hashes": [
                "sha256:805906f09445afc1f0fc80187db8fe07670e3b25cdafa09b8d8ac264a8c0c722"
            ],
            "version": "==0.10.0"
        },
        "binaryornot": {
            "hashes": [
                "sha256:b8b71173c917bddcd2c16070412e369c3ed7f0528926f70cac18a6c97fd563e4",
                "sha256:359501dfc9d40632edc9fac890e19542db1a287bbcfa58175b66658392018061"
            ],
            "version": "==0.4.4"
        },
        "chardet": {
            "hashes": [
                "sha256:fc323ffcaeaed0e0a02bf4d117757b98aed530d9ed4531e3e15460124c106691",
                "sha256:84ab92ed1c4d4f16916e05906b6b75a6c0fb5db821cc65e70cbd64a3e2a5eaae"
            ],
            "version": "==3.0.4"
        },
        "click": {
            "hashes": [
                "sha256:29f99fc6125fbc931b758dc053b3114e55c77a6e4c6c3a2674a2dc986016381d",
                "sha256:f15516df478d5a56180fbf80e68f206010e6d160fc39fa508b65e035fd75130b"
            ],
            "version": "==6.7"
        },
        "cookiecutter": {
            "hashes": [
                "sha256:7d95c48717c725580b4ea6d80a7256479990ab8309003e60695ea1877c296fc9",
                "sha256:3fcb10dbfe4da02bf779a88f96109c1a28ff68f42d87587788f841735820249c"
            ],
            "version": "==1.5.1"
        },
        "future": {
            "hashes": [
                "sha256:e39ced1ab767b5936646cedba8bcce582398233d6a627067d4c6a454c90cfedb"
            ],
            "version": "==0.16.0"
        },
        "jinja2": {
            "hashes": [
                "sha256:2231bace0dfd8d2bf1e5d7e41239c06c9e0ded46e70cc1094a0aa64b0afeb054",
                "sha256:ddaa01a212cd6d641401cb01b605f4a4d9f37bfc93043d7f760ec70fb99ff9ff"
            ],
            "version": "==2.9.6"
        },
        "jinja2-time": {
            "hashes": [
                "sha256:d3eab6605e3ec8b7a0863df09cc1d23714908fa61aa6986a845c20ba488b4efa",
                "sha256:d14eaa4d315e7688daa4969f616f226614350c48730bfa1692d2caebd8c90d40"
            ],
            "version": "==0.2.0"
        },
        "markupsafe": {
            "hashes": [
                "sha256:a6be69091dac236ea9c6bc7d012beab42010fa914c459791d627dad4910eb665"
            ],
            "version": "==1.0"
        },
        "poyo": {
            "hashes": [
                "sha256:230ec11c2f35a23410c1f0e474f09fa4e203686f40ab3adca7b039c845d8c325",
                "sha256:103b4ee3e1c7765098fe1cabe43f828db2e2a6079646561a2117e1a809f352d6"
            ],
            "version": "==0.4.1"
        },
        "python-dateutil": {
            "hashes": [
                "sha256:95511bae634d69bc7329ba55e646499a842bc4ec342ad54a8cdb65645a0aad3c",
                "sha256:891c38b2a02f5bb1be3e4793866c8df49c7d19baabf9c1bad62547e0b4866aca"
            ],
            "version": "==2.6.1"
        },
        "six": {
            "hashes": [
                "sha256:832dc0e10feb1aa2c68dcc57dbb658f1c7e65b9b61af69048abc87a2db00a0eb",
                "sha256:70e8a77beed4562e7f14fe23a786b54f6296e34344c23bc42f07b15018ff98e9"
            ],
            "version": "==1.11.0"
        },
        "whichcraft": {
            "hashes": [
                "sha256:cd0e10b58960ab877d9f273cd28788730936c3cdaceec2dafad97c7cf3067d46",
                "sha256:9e0d51c9387cb7e9f28b7edb549e6a03da758f7784f991eb4397d7f7808c57fd"
            ],
            "version": "==0.4.1"
        }
    },
    "develop": {
        "apipkg": {
            "hashes": [
                "sha256:65d2aa68b28e7d31233bb2ba8eb31cda40e4671f8ac2d6b241e358c9652a74b9",
                "sha256:2e38399dbe842891fe85392601aab8f40a8f4cc5a9053c326de35a1cc0297ac6"
            ],
            "version": "==1.4"
        },
        "arrow": {
            "hashes": [
                "sha256:805906f09445afc1f0fc80187db8fe07670e3b25cdafa09b8d8ac264a8c0c722"
            ],
            "version": "==0.10.0"
        },
        "binaryornot": {
            "hashes": [
                "sha256:b8b71173c917bddcd2c16070412e369c3ed7f0528926f70cac18a6c97fd563e4",
                "sha256:359501dfc9d40632edc9fac890e19542db1a287bbcfa58175b66658392018061"
            ],
            "version": "==0.4.4"
        },
        "chardet": {
            "hashes": [
                "sha256:fc323ffcaeaed0e0a02bf4d117757b98aed530d9ed4531e3e15460124c106691",
                "sha256:84ab92ed1c4d4f16916e05906b6b75a6c0fb5db821cc65e70cbd64a3e2a5eaae"
            ],
            "version": "==3.0.4"
        },
        "click": {
            "hashes": [
                "sha256:29f99fc6125fbc931b758dc053b3114e55c77a6e4c6c3a2674a2dc986016381d",
                "sha256:f15516df478d5a56180fbf80e68f206010e6d160fc39fa508b65e035fd75130b"
            ],
            "version": "==6.7"
        },
        "configparser": {
            "hashes": [
                "sha256:5308b47021bc2340965c371f0f058cc6971a04502638d4244225c49d80db273a"
            ],
            "markers": "python_version < '3.2'",
            "version": "==3.5.0"
        },
        "cookiecutter": {
            "hashes": [
                "sha256:7d95c48717c725580b4ea6d80a7256479990ab8309003e60695ea1877c296fc9",
                "sha256:3fcb10dbfe4da02bf779a88f96109c1a28ff68f42d87587788f841735820249c"
            ],
            "version": "==1.5.1"
        },
        "enum34": {
            "hashes": [
                "sha256:6bd0f6ad48ec2aa117d3d141940d484deccda84d4fcd884f5c3d93c23ecd8c79",
                "sha256:644837f692e5f550741432dd3f223bbb9852018674981b1664e5dc339387588a",
                "sha256:8ad8c4783bf61ded74527bffb48ed9b54166685e4230386a9ed9b1279e2df5b1",
                "sha256:2d81cbbe0e73112bdfe6ef8576f2238f2ba27dd0d55752a776c41d38b7da2850"
            ],
            "markers": "python_version < '3.4'",
            "version": "==1.1.6"
        },
        "execnet": {
            "hashes": [
                "sha256:d2b909c7945832e1c19cfacd96e78da68bdadc656440cfc7dfe59b766744eb8c",
                "sha256:f66dd4a7519725a1b7e14ad9ae7d3df8e09b2da88062386e08e941cafc0ef3e6"
            ],
            "version": "==1.4.1"
        },
        "flake8": {
            "hashes": [
                "sha256:f1a9d8886a9cbefb52485f4f4c770832c7fb569c084a9a314fb1eaa37c0c2c86",
                "sha256:c20044779ff848f67f89c56a0e4624c04298cd476e25253ac0c36f910a1a11d8"
            ],
            "version": "==3.4.1"
        },
        "flake8-blind-except": {
            "hashes": [
                "sha256:0d7d1adb4cabf2268d6eebb815a7a5014bcb7e8419f7a74339c46d0b8847b858",
                "sha256:aca3356633825544cec51997260fe31a8f24a1a2795ce8e81696b9916745e599"
            ],
            "version": "==0.1.1"
        },
        "flake8-builtins": {
            "hashes": [
                "sha256:112754f90b281829a4834c1f2052338142553efac455866028e136f9e333080f",
                "sha256:a2a67165db017d2563225124b76d44ad7deb20488e205ceb504eb1c6f646555a"
            ],
            "version": "==1.0"
        },
        "flake8-commas": {
            "hashes": [
                "sha256:a3706b2386883e8ca2f9826713aedf955bcce70deddc385dae145881d42131c9",
                "sha256:8381cb25cd608323d01624d29b28e474342e7e53a2588610705c5316ef45a7a2"
            ],
            "version": "==0.4.3"
        },
        "flake8-quotes": {
            "hashes": [
                "sha256:0b8e5ea5407e8308ff237ab814414a1dcd4c309c5c47363b6ad07a35068684e1"
            ],
            "version": "==0.11.0"
        },
        "future": {
            "hashes": [
                "sha256:e39ced1ab767b5936646cedba8bcce582398233d6a627067d4c6a454c90cfedb"
            ],
            "version": "==0.16.0"
        },
        "isort": {
            "hashes": [
                "sha256:cd5d3fc2c16006b567a17193edf4ed9830d9454cbeb5a42ac80b36ea00c23db4",
                "sha256:79f46172d3a4e2e53e7016e663cc7a8b538bec525c36675fcfd2767df30b3983"
            ],
            "version": "==4.2.15"
        },
        "jinja2": {
            "hashes": [
                "sha256:2231bace0dfd8d2bf1e5d7e41239c06c9e0ded46e70cc1094a0aa64b0afeb054",
                "sha256:ddaa01a212cd6d641401cb01b605f4a4d9f37bfc93043d7f760ec70fb99ff9ff"
            ],
            "version": "==2.9.6"
        },
        "jinja2-time": {
            "hashes": [
                "sha256:d3eab6605e3ec8b7a0863df09cc1d23714908fa61aa6986a845c20ba488b4efa",
                "sha256:d14eaa4d315e7688daa4969f616f226614350c48730bfa1692d2caebd8c90d40"
            ],
            "version": "==0.2.0"
        },
        "markupsafe": {
            "hashes": [
                "sha256:a6be69091dac236ea9c6bc7d012beab42010fa914c459791d627dad4910eb665"
            ],
            "version": "==1.0"
        },
        "mccabe": {
            "hashes": [
                "sha256:ab8a6258860da4b6677da4bd2fe5dc2c659cff31b3ee4f7f5d64e79735b80d42",
                "sha256:dd8d182285a0fe56bace7f45b5e7d1a6ebcbf524e8f3bd87eb0f125271b8831f"
            ],
            "version": "==0.6.1"
        },
        "pep8-naming": {
            "hashes": [
                "sha256:1b419fa45b68b61cd8c5daf4e0c96d28915ad14d3d5f35fcc1e7e95324a33a2e",
                "sha256:4eedfd4c4b05e48796f74f5d8628c068ff788b9c2b08471ad408007fc6450e5a"
            ],
            "version": "==0.4.1"
        },
        "poyo": {
            "hashes": [
                "sha256:230ec11c2f35a23410c1f0e474f09fa4e203686f40ab3adca7b039c845d8c325",
                "sha256:103b4ee3e1c7765098fe1cabe43f828db2e2a6079646561a2117e1a809f352d6"
            ],
            "version": "==0.4.1"
        },
        "py": {
            "hashes": [
                "sha256:2ccb79b01769d99115aa600d7eed99f524bf752bba8f041dc1c184853514655a",
                "sha256:0f2d585d22050e90c7d293b6451c83db097df77871974d90efd5a30dc12fcde3"
            ],
            "version": "==1.4.34"
        },
        "pycodestyle": {
            "hashes": [
                "sha256:6c4245ade1edfad79c3446fadfc96b0de2759662dc29d07d80a6f27ad1ca6ba9",
                "sha256:682256a5b318149ca0d2a9185d365d8864a768a28db66a84a2ea946bcc426766"
            ],
            "version": "==2.3.1"
        },
        "pyflakes": {
            "hashes": [
                "sha256:cc5eadfb38041f8366128786b4ca12700ed05bbf1403d808e89d57d67a3875a7",
                "sha256:aa0d4dff45c0cc2214ba158d29280f8fa1129f3e87858ef825930845146337f4"
            ],
            "version": "==1.5.0"
        },
        "pytest": {
            "hashes": [
                "sha256:b84f554f8ddc23add65c411bf112b2d88e2489fd45f753b1cae5936358bdf314",
                "sha256:f46e49e0340a532764991c498244a60e3a37d7424a532b3ff1a6a7653f1a403a"
            ],
            "version": "==3.2.2"
        },
        "pytest-cache": {
            "hashes": [
                "sha256:be7468edd4d3d83f1e844959fd6e3fd28e77a481440a7118d430130ea31b07a9"
            ],
            "version": "==1.0"
        },
        "pytest-cookies": {
            "hashes": [
                "sha256:55c7194568eb9f2676ed8f3074bfb75f5a3a7bc58bdb8366f3e1c80d1fce288f",
                "sha256:8822dcc1095edcd45a45db727fee647c7abbee111691380dd7e82c462c7b90f4"
            ],
            "version": "==0.2.0"
        },
        "pytest-flake8": {
            "hashes": [
                "sha256:8efaf4595a13079197ac740a12e6a87e3403f08133a42d3ac5984474f6f91681",
                "sha256:aa10a6db147485d71dad391d4149388904c3072194d51755f64784ff128845fd"
            ],
            "version": "==0.8.1"
        },
        "pytest-isort": {
            "hashes": [
                "sha256:fc315e3ceac576f2b7000c4716a55063c45ed60c169ba2ede5a6b4aef97ce13e",
                "sha256:e92798127e21d22513c62070989f0fb3b712650e48a4db13e5b8e8034d367cfe"
            ],
            "version": "==0.1.0"
        },
        "python-dateutil": {
            "hashes": [
                "sha256:95511bae634d69bc7329ba55e646499a842bc4ec342ad54a8cdb65645a0aad3c",
                "sha256:891c38b2a02f5bb1be3e4793866c8df49c7d19baabf9c1bad62547e0b4866aca"
            ],
            "version": "==2.6.1"
        },
        "six": {
            "hashes": [
                "sha256:832dc0e10feb1aa2c68dcc57dbb658f1c7e65b9b61af69048abc87a2db00a0eb",
                "sha256:70e8a77beed4562e7f14fe23a786b54f6296e34344c23bc42f07b15018ff98e9"
            ],
            "version": "==1.11.0"
        },
        "whichcraft": {
            "hashes": [
                "sha256:cd0e10b58960ab877d9f273cd28788730936c3cdaceec2dafad97c7cf3067d46",
                "sha256:9e0d51c9387cb7e9f28b7edb549e6a03da758f7784f991eb4397d7f7808c57fd"
            ],
            "version": "==0.4.1"
        }
    }
}
